
Microsoft Visual Studio Solution File, Format Version 12.00
# Visual Studio Version 16
VisualStudioVersion = 16.0.34601.136
MinimumVisualStudioVersion = 10.0.40219.1
Project("{FAE04EC0-301F-11D3-BF4B-00C04F79EFBC}") = "VS_Пр№01_Таранин", "VS_Пр№01_Таранин.csproj", "{8B388149-D565-4FA8-A3F8-B06ACF450B1B}"
EndProject
Global
	GlobalSection(SolutionConfigurationPlatforms) = preSolution
		Debug|Any CPU = Debug|Any CPU
		Release|Any CPU = Release|Any CPU
	EndGlobalSection
	GlobalSection(ProjectConfigurationPlatforms) = postSolution
		{8B388149-D565-4FA8-A3F8-B06ACF450B1B}.Debug|Any CPU.ActiveCfg = Debug|Any CPU
		{8B388149-D565-4FA8-A3F8-B06ACF450B1B}.Debug|Any CPU.Build.0 = Debug|Any CPU
		{8B388149-D565-4FA8-A3F8-B06ACF450B1B}.Release|Any CPU.ActiveCfg = Release|Any CPU
		{8B388149-D565-4FA8-A3F8-B06ACF450B1B}.Release|Any CPU.Build.0 = Release|Any CPU
	EndGlobalSection
	GlobalSection(SolutionProperties) = preSolution
		HideSolutionNode = FALSE
	EndGlobalSection
	GlobalSection(ExtensibilityGlobals) = postSolution
		SolutionGuid = {613C2F34-CA50-4C73-8AEA-899133257A7D}
	EndGlobalSection
EndGlobal
